
Microsoft Visual Studio Solution File, Format Version 12.00
# Visual Studio Version 16
VisualStudioVersion = 16.0.32106.194
MinimumVisualStudioVersion = 10.0.40219.1
Project("{FAE04EC0-301F-11D3-BF4B-00C04F79EFBC}") = "Topaz.UI.ReportShared", "Topaz.UI.ReportShared.csproj", "{7E7928A1-48B3-433F-9BA0-F70C76BA0E9F}"
EndProject
Global
	GlobalSection(SolutionConfigurationPlatforms) = preSolution
		Debug|Any CPU = Debug|Any CPU
		Release|Any CPU = Release|Any CPU
	EndGlobalSection
	GlobalSection(ProjectConfigurationPlatforms) = postSolution
		{7E7928A1-48B3-433F-9BA0-F70C76BA0E9F}.Debug|Any CPU.ActiveCfg = Debug|Any CPU
		{7E7928A1-48B3-433F-9BA0-F70C76BA0E9F}.Debug|Any CPU.Build.0 = Debug|Any CPU
		{7E7928A1-48B3-433F-9BA0-F70C76BA0E9F}.Release|Any CPU.ActiveCfg = Release|Any CPU
		{7E7928A1-48B3-433F-9BA0-F70C76BA0E9F}.Release|Any CPU.Build.0 = Release|Any CPU
	EndGlobalSection
	GlobalSection(SolutionProperties) = preSolution
		HideSolutionNode = FALSE
	EndGlobalSection
	GlobalSection(ExtensibilityGlobals) = postSolution
		SolutionGuid = {E42F57EC-A1D2-4726-A6BD-05853BBF885F}
	EndGlobalSection
EndGlobal
